{
  "name": "venthub-wrongstack-mcp",
  "lockfileVersion": 3,
  "requires": true,
  "packages": {
    "": {
      "name": "venthub-wrongstack-mcp",
      "license": "UNLICENSED",
      "dependencies": {
        "@wrongstack/codebase-index-mcp": "1.0.19",
        "@wrongstack/sage-mcp": "1.0.19"
      },
      "engines": {
        "node": ">=22.5.0"
      }
    },
    "node_modules/@datadog/pprof": {
      "version": "5.18.1",
      "resolved": "https://registry.npmjs.org/@datadog/pprof/-/pprof-5.18.1.tgz",
      "integrity": "sha512-p8RnantBXCrcsT4pHvcdRtQzhqllls/t6yYb2j8hJrnnFcFfWO+u5WSdqLNxGFNjTEhfaFPu6TOoLhNk9iW9Lw==",
      "license": "Apache-2.0",
      "optional": true,
      "dependencies": {
        "node-gyp-build": "^4.8.4",
        "pprof-format": "^2.3.1",
        "source-map": "^0.8.0"
      },
      "engines": {
        "node": ">=16"
      }
    },
    "node_modules/@mixmark-io/domino": {
      "version": "2.2.0",
      "resolved": "https://registry.npmjs.org/@mixmark-io/domino/-/domino-2.2.0.tgz",
      "integrity": "sha512-Y28PR25bHXUg88kCV7nivXrP2Nj2RueZ3/l/jdx6J9f8J4nsEGcgX0Qe6lt7Pa+J79+kPiJU3LguR6O/6zrLOw==",
      "license": "BSD-2-Clause"
    },
    "node_modules/@msgpack/msgpack": {
      "version": "3.1.3",
      "resolved": "https://registry.npmjs.org/@msgpack/msgpack/-/msgpack-3.1.3.tgz",
      "integrity": "sha512-47XIizs9XZXvuJgoaJUIE2lFoID8ugvc0jzSHP+Ptfk8nTbnR8g788wv48N03Kx0UkAv559HWRQ3yzOgzlRNUA==",
      "license": "ISC",
      "engines": {
        "node": ">= 18"
      }
    },
    "node_modules/@playwright/test": {
      "version": "1.63.0",
      "resolved": "https://registry.npmjs.org/@playwright/test/-/test-1.63.0.tgz",
      "integrity": "sha512-oxMK4vllB9RK5NQ2l1pq1IfOf2AvnEuj/vYGDj0H2nMtmtZpKtCwt/l00GEO6xjGfpBNAvjovvYdCm50dRQkpQ==",
      "license": "Apache-2.0",
      "dependencies": {
        "playwright": "1.63.0"
      },
      "bin": {
        "playwright": "cli.js"
      },
      "engines": {
        "node": ">=20"
      }
    },
    "node_modules/@typescript/old": {
      "name": "typescript",
      "version": "6.0.3",
      "resolved": "https://registry.npmjs.org/typescript/-/typescript-6.0.3.tgz",
      "integrity": "sha512-y2TvuxSZPDyQakkFRPZHKFm+KKVqIisdg9/CZwm9ftvKXLP8NRWj38/ODjNbr43SsoXqNuAisEf1GdCxqWcdBw==",
      "license": "Apache-2.0",
      "bin": {
        "tsc": "bin/tsc",
        "tsserver": "bin/tsserver"
      },
      "engines": {
        "node": ">=14.17"
      }
    },
    "node_modules/@typescript/typescript6": {
      "version": "6.0.2",
      "resolved": "https://registry.npmjs.org/@typescript/typescript6/-/typescript6-6.0.2.tgz",
      "integrity": "sha512-mbCddXd+jm7hfx7w2YU64/Av4/NqqeG3GoRZgxPcgoTxYjhrcfJRw9ULch71SS4G+Q3bOXFhRvPqjguN0Hyp5w==",
      "license": "Apache-2.0",
      "dependencies": {
        "@typescript/old": "npm:typescript@^6"
      },
      "bin": {
        "tsc6": "bin/tsc6"
      }
    },
    "node_modules/@wrongstack/codebase-index-mcp": {
      "version": "1.0.19",
      "resolved": "https://registry.npmjs.org/@wrongstack/codebase-index-mcp/-/codebase-index-mcp-1.0.19.tgz",
      "integrity": "sha512-Nt3DY2YB6FQ8YgulqPkWwbGS5U9KU2sIupGYPBqIC4tH73WEAvWCoV/hhvzPuNsZc0VXMgQjEHGXkQZ2nekXZw==",
      "license": "MIT",
      "dependencies": {
        "@wrongstack/core": "1.0.19",
        "@wrongstack/mcp": "1.0.19",
        "@wrongstack/tools": "1.0.19"
      },
      "bin": {
        "wstack-codebase-index-mcp": "dist/cli.js"
      }
    },
    "node_modules/@wrongstack/core": {
      "version": "1.0.19",
      "resolved": "https://registry.npmjs.org/@wrongstack/core/-/core-1.0.19.tgz",
      "integrity": "sha512-F71v2s5EI7IMvdGHycMImK/BpGNh2AfePZGAG239KTarHHb59yazXldT7aO/48m+8bvlR+zMin2rHFs613taAA==",
      "license": "MIT",
      "dependencies": {
        "@wrongstack/kanban": "1.0.19",
        "@wrongstack/persistence": "1.0.19",
        "@wrongstack/primitives": "1.0.19",
        "zod": "4.6.2"
      },
      "optionalDependencies": {
        "@datadog/pprof": "5.18.1"
      }
    },
    "node_modules/@wrongstack/kanban": {
      "version": "1.0.19",
      "resolved": "https://registry.npmjs.org/@wrongstack/kanban/-/kanban-1.0.19.tgz",
      "integrity": "sha512-yCiovSnu0iXyShk/UTqFI3DD4VgtD4UCxJCqlyjs84xJaSQ0ErGyZ9YuIzDywx0+rCkU+Mr2wxR6QZrBWzz+fg==",
      "license": "MIT",
      "dependencies": {
        "@wrongstack/persistence": "1.0.19",
        "@wrongstack/primitives": "1.0.19"
      }
    },
    "node_modules/@wrongstack/mcp": {
      "version": "1.0.19",
      "resolved": "https://registry.npmjs.org/@wrongstack/mcp/-/mcp-1.0.19.tgz",
      "integrity": "sha512-DDOVc0qC1zBMHweCeLveUuUZGiRv8g63+Yy189CfsybZXBdrTrW7zOtWTVyzbNordIuS47x2T55z9T12VP0Ltw==",
      "license": "MIT",
      "dependencies": {
        "@wrongstack/core": "1.0.19",
        "undici": "^8.10.2"
      }
    },
    "node_modules/@wrongstack/persistence": {
      "version": "1.0.19",
      "resolved": "https://registry.npmjs.org/@wrongstack/persistence/-/persistence-1.0.19.tgz",
      "integrity": "sha512-xxfQnLx96qY8hIh6EUxAAnfD6fLxti9SmvU/eUUVtQhlTOV0J9T23l9+u16+Jn/NjcywfjCyTmYbtSJgI/vHaA==",
      "license": "MIT"
    },
    "node_modules/@wrongstack/primitives": {
      "version": "1.0.19",
      "resolved": "https://registry.npmjs.org/@wrongstack/primitives/-/primitives-1.0.19.tgz",
      "integrity": "sha512-4EbheV82sOW63k3U+Zf+dFgrbYozY5ssVlmXvLR3BDneReE9xKaYkPYjCen4z9Mnj1Stf3Ev2rcYYWysssk0MQ==",
      "license": "MIT"
    },
    "node_modules/@wrongstack/sage": {
      "version": "1.0.19",
      "resolved": "https://registry.npmjs.org/@wrongstack/sage/-/sage-1.0.19.tgz",
      "integrity": "sha512-s612yhm74UtOGDVRFgF0JU3zP5XHvhuwRP0Owdf6rO65pq/Oh5CI6sBWNLoVyqoAQqPHbpBEw0m30kDXZfRhIA==",
      "license": "MIT",
      "dependencies": {
        "@wrongstack/core": "1.0.19",
        "@wrongstack/persistence": "1.0.19",
        "@wrongstack/primitives": "1.0.19"
      }
    },
    "node_modules/@wrongstack/sage-mcp": {
      "version": "1.0.19",
      "resolved": "https://registry.npmjs.org/@wrongstack/sage-mcp/-/sage-mcp-1.0.19.tgz",
      "integrity": "sha512-flS96I4UMeU5V4qojGKbYpa87xDF7yUGfoFNNVMqihKEYsYXaup5jiUiKkl4VCIZIusGv2WXUH53fBx8KsRYAw==",
      "license": "MIT",
      "dependencies": {
        "@wrongstack/core": "1.0.19",
        "@wrongstack/mcp": "1.0.19",
        "@wrongstack/sage": "1.0.19"
      },
      "bin": {
        "wstack-sage-mcp": "dist/cli.js"
      }
    },
    "node_modules/@wrongstack/tools": {
      "version": "1.0.19",
      "resolved": "https://registry.npmjs.org/@wrongstack/tools/-/tools-1.0.19.tgz",
      "integrity": "sha512-z/v2/uQTaHKJRW2Cct2yKtc9bQygGdw/DzIiTWaPD/raH4eJGOK0W/CoMVKgZTX9DXsAKx02lpKvK244xm8erw==",
      "license": "MIT",
      "dependencies": {
        "@msgpack/msgpack": "^3.1.3",
        "@playwright/test": "^1.63.0",
        "@typescript/typescript6": "^6.0.2",
        "@wrongstack/core": "1.0.19",
        "@wrongstack/kanban": "1.0.19",
        "@wrongstack/persistence": "1.0.19",
        "@wrongstack/primitives": "1.0.19",
        "tree-sitter-wasm": "1.1.8",
        "turndown": "^7.2.4",
        "undici": "^8.10.2",
        "web-tree-sitter": "0.27.0"
      }
    },
    "node_modules/node-gyp-build": {
      "version": "4.8.4",
      "resolved": "https://registry.npmjs.org/node-gyp-build/-/node-gyp-build-4.8.4.tgz",
      "integrity": "sha512-LA4ZjwlnUblHVgq0oBF3Jl/6h/Nvs5fzBLwdEF4nuxnFdsfajde4WfxtJr3CaiH+F6ewcIB/q4jQ4UzPyid+CQ==",
      "license": "MIT",
      "optional": true,
      "bin": {
        "node-gyp-build": "bin.js",
        "node-gyp-build-optional": "optional.js",
        "node-gyp-build-test": "build-test.js"
      }
    },
    "node_modules/playwright": {
      "version": "1.63.0",
      "resolved": "https://registry.npmjs.org/playwright/-/playwright-1.63.0.tgz",
      "integrity": "sha512-+7ziBLidS4NaNCdt57SUDT+wYmmd5fmiQejUic/kb+YsYSCPyOOE9sebzMjNmQrsnNpDJqd4WHvV/8lfKfUDUg==",
      "license": "Apache-2.0",
      "dependencies": {
        "playwright-core": "1.63.0"
      },
      "bin": {
        "playwright": "cli.js"
      },
      "engines": {
        "node": ">=20"
      }
    },
    "node_modules/playwright-core": {
      "version": "1.63.0",
      "resolved": "https://registry.npmjs.org/playwright-core/-/playwright-core-1.63.0.tgz",
      "integrity": "sha512-rYCsBF/M5HjUch52bbtVONEFjv6Xu8sm8h72dNlR5bzIE1fvC/bxgspzkjSfU+MweEMmPM8KJebG6nnyxo5mCg==",
      "license": "Apache-2.0",
      "bin": {
        "playwright-core": "cli.js"
      },
      "engines": {
        "node": ">=20"
      }
    },
    "node_modules/pprof-format": {
      "version": "2.3.1",
      "resolved": "https://registry.npmjs.org/pprof-format/-/pprof-format-2.3.1.tgz",
      "integrity": "sha512-y51Z83qG2vEQBACPu6lkGFREVkHwQaCaNDdSFEMLIqSo3bmpADsbP6J3F2SSk7tYB741oTQ9Kt5YAdQsmiCRkA==",
      "license": "MIT",
      "optional": true
    },
    "node_modules/source-map": {
      "version": "0.8.0",
      "resolved": "https://registry.npmjs.org/source-map/-/source-map-0.8.0.tgz",
      "integrity": "sha512-d8EqvL+k/SOXCreS/SUzg2ciyHqBBLcN/yuRjFsbvVhHTE2pgei7oAhmPM7kWFbkX6OSMQfUq4KbkF3au9lhYQ==",
      "license": "BSD-3-Clause",
      "optional": true,
      "engines": {
        "node": ">= 12"
      }
    },
    "node_modules/tree-sitter-wasm": {
      "version": "1.1.8",
      "resolved": "https://registry.npmjs.org/tree-sitter-wasm/-/tree-sitter-wasm-1.1.8.tgz",
      "integrity": "sha512-TZ6rZ+8L+cnsc0hXtc+AfzNd7b1CDroBKSgSIF29sJdl/Odaxmx+mZEj2pW0rswKIyWHrA/ioNqZ9RixTSCGwA==",
      "license": "MIT"
    },
    "node_modules/turndown": {
      "version": "7.2.4",
      "resolved": "https://registry.npmjs.org/turndown/-/turndown-7.2.4.tgz",
      "integrity": "sha512-I8yFsfRzmzK0WV1pNNOA4A7y4RDfFxPRxb3t+e3ui14qSGOxGtiSP6GjeX+Y6CHb7HYaFj7ECUD7VE5kQMZWGQ==",
      "license": "MIT",
      "dependencies": {
        "@mixmark-io/domino": "^2.2.0"
      },
      "engines": {
        "node": ">=18",
        "npm": ">=9"
      }
    },
    "node_modules/undici": {
      "version": "8.10.2",
      "resolved": "https://registry.npmjs.org/undici/-/undici-8.10.2.tgz",
      "integrity": "sha512-/y4/bH9YNU5hi9NIrpOuvGXFcxrj3CMrV+/AYpowAYTpHn8gX/XPFjNy766FPoYY0miQhdW977JFWKGNhBdwyQ==",
      "license": "MIT",
      "engines": {
        "node": ">=22.19.0"
      }
    },
    "node_modules/web-tree-sitter": {
      "version": "0.27.0",
      "resolved": "https://registry.npmjs.org/web-tree-sitter/-/web-tree-sitter-0.27.0.tgz",
      "integrity": "sha512-XK08gj6RwTMQatAG7uVRP8MunqotL/XC19vHgkSPKmELgbGPBj4ECvB8haHOUnyj6ls2B8t42UTro14zxGgAHg==",
      "license": "MIT"
    },
    "node_modules/zod": {
      "version": "4.6.2",
      "resolved": "https://registry.npmjs.org/zod/-/zod-4.6.2.tgz",
      "integrity": "sha512-lh5RCAGFa1Cm2hjtNwLQhSs/AsqdWnTQaBER9fEwN/88pSh7KOtJavtBx/0VlkN/uFd61SwYmljLMDAsHlvzBQ==",
      "license": "MIT",
      "funding": {
        "url": "https://github.com/sponsors/colinhacks"
      }
    }
  }
}
