{
  "name": "venthub-wrongstack-mcp",
  "lockfileVersion": 3,
  "requires": true,
  "packages": {
    "": {
      "name": "venthub-wrongstack-mcp",
      "license": "UNLICENSED",
      "dependencies": {
        "@wrongstack/codebase-index-mcp": "1.0.26",
        "@wrongstack/kanban-mcp": "1.0.26",
        "@wrongstack/mailbox-mcp": "1.0.26",
        "@wrongstack/sage-mcp": "1.0.26"
      },
      "engines": {
        "node": ">=22.5.0"
      }
    },
    "node_modules/@datadog/pprof": {
      "version": "5.18.1",
      "resolved": "https://registry.npmjs.org/@datadog/pprof/-/pprof-5.18.1.tgz",
      "integrity": "sha512-p8RnantBXCrcsT4pHvcdRtQzhqllls/t6yYb2j8hJrnnFcFfWO+u5WSdqLNxGFNjTEhfaFPu6TOoLhNk9iW9Lw==",
      "license": "Apache-2.0",
      "optional": true,
      "dependencies": {
        "node-gyp-build": "^4.8.4",
        "pprof-format": "^2.3.1",
        "source-map": "^0.8.0"
      },
      "engines": {
        "node": ">=16"
      }
    },
    "node_modules/@jitl/quickjs-ffi-types": {
      "version": "0.32.0",
      "resolved": "https://registry.npmjs.org/@jitl/quickjs-ffi-types/-/quickjs-ffi-types-0.32.0.tgz",
      "integrity": "sha512-v9T+GQpmk43VDJ7d72sf0Nexhk+ArvtUihW27dy7lqAl0zBObFKtSBBIm5RBjwIhE8VwsPPm9PNuvPvNqLWUEg==",
      "license": "MIT"
    },
    "node_modules/@jitl/quickjs-singlefile-mjs-release-sync": {
      "version": "0.32.0",
      "resolved": "https://registry.npmjs.org/@jitl/quickjs-singlefile-mjs-release-sync/-/quickjs-singlefile-mjs-release-sync-0.32.0.tgz",
      "integrity": "sha512-h9g2Dri6WxKNjX6a1+sFAafOVxj1n5YIA1GAzMoSdIqK1M8cG07tz3GxKVC3Gbdutz14uQ3oc3Q2lll8otInhA==",
      "license": "MIT",
      "dependencies": {
        "@jitl/quickjs-ffi-types": "0.32.0"
      }
    },
    "node_modules/@mixmark-io/domino": {
      "version": "2.2.0",
      "resolved": "https://registry.npmjs.org/@mixmark-io/domino/-/domino-2.2.0.tgz",
      "integrity": "sha512-Y28PR25bHXUg88kCV7nivXrP2Nj2RueZ3/l/jdx6J9f8J4nsEGcgX0Qe6lt7Pa+J79+kPiJU3LguR6O/6zrLOw==",
      "license": "BSD-2-Clause"
    },
    "node_modules/@msgpack/msgpack": {
      "version": "3.1.3",
      "resolved": "https://registry.npmjs.org/@msgpack/msgpack/-/msgpack-3.1.3.tgz",
      "integrity": "sha512-47XIizs9XZXvuJgoaJUIE2lFoID8ugvc0jzSHP+Ptfk8nTbnR8g788wv48N03Kx0UkAv559HWRQ3yzOgzlRNUA==",
      "license": "ISC",
      "engines": {
        "node": ">= 18"
      }
    },
    "node_modules/@playwright/test": {
      "version": "1.63.0",
      "resolved": "https://registry.npmjs.org/@playwright/test/-/test-1.63.0.tgz",
      "integrity": "sha512-oxMK4vllB9RK5NQ2l1pq1IfOf2AvnEuj/vYGDj0H2nMtmtZpKtCwt/l00GEO6xjGfpBNAvjovvYdCm50dRQkpQ==",
      "license": "Apache-2.0",
      "dependencies": {
        "playwright": "1.63.0"
      },
      "bin": {
        "playwright": "cli.js"
      },
      "engines": {
        "node": ">=20"
      }
    },
    "node_modules/@typescript/old": {
      "name": "typescript",
      "version": "6.0.3",
      "resolved": "https://registry.npmjs.org/typescript/-/typescript-6.0.3.tgz",
      "integrity": "sha512-y2TvuxSZPDyQakkFRPZHKFm+KKVqIisdg9/CZwm9ftvKXLP8NRWj38/ODjNbr43SsoXqNuAisEf1GdCxqWcdBw==",
      "license": "Apache-2.0",
      "bin": {
        "tsc": "bin/tsc",
        "tsserver": "bin/tsserver"
      },
      "engines": {
        "node": ">=14.17"
      }
    },
    "node_modules/@typescript/typescript6": {
      "version": "6.0.2",
      "resolved": "https://registry.npmjs.org/@typescript/typescript6/-/typescript6-6.0.2.tgz",
      "integrity": "sha512-mbCddXd+jm7hfx7w2YU64/Av4/NqqeG3GoRZgxPcgoTxYjhrcfJRw9ULch71SS4G+Q3bOXFhRvPqjguN0Hyp5w==",
      "license": "Apache-2.0",
      "dependencies": {
        "@typescript/old": "npm:typescript@^6"
      },
      "bin": {
        "tsc6": "bin/tsc6"
      }
    },
    "node_modules/@wrongstack/codebase-index-mcp": {
      "version": "1.0.26",
      "resolved": "https://registry.npmjs.org/@wrongstack/codebase-index-mcp/-/codebase-index-mcp-1.0.26.tgz",
      "integrity": "sha512-XB0W7DLi1dvuG35dqqN5MYVwxjgWwJ9I0FOEiMdVhcQ2ISgBN2SZsrH6plcnqSDmjX3yKXSLlbBiM7Qth95Mkw==",
      "license": "MIT",
      "dependencies": {
        "@wrongstack/core": "1.0.26",
        "@wrongstack/mcp": "1.0.26",
        "@wrongstack/tools": "1.0.26"
      },
      "bin": {
        "wstack-codebase-index-mcp": "dist/cli.js"
      }
    },
    "node_modules/@wrongstack/core": {
      "version": "1.0.26",
      "resolved": "https://registry.npmjs.org/@wrongstack/core/-/core-1.0.26.tgz",
      "integrity": "sha512-1DM2Xa4IthckfsDM4cpXHIF2cVcM+rwie3AmBbXa7gagj3X3Z8ylXJkm+uX51IKefVun0XVDYTDCkjXuYG+LOw==",
      "license": "MIT",
      "dependencies": {
        "@wrongstack/kanban": "1.0.26",
        "@wrongstack/persistence": "1.0.26",
        "@wrongstack/primitives": "1.0.26",
        "yaml": "^2.9.1",
        "zod": "4.6.2"
      },
      "optionalDependencies": {
        "@datadog/pprof": "5.18.1"
      }
    },
    "node_modules/@wrongstack/kanban": {
      "version": "1.0.26",
      "resolved": "https://registry.npmjs.org/@wrongstack/kanban/-/kanban-1.0.26.tgz",
      "integrity": "sha512-Uo1CW/xZyzHoNI6hvB+rjM5NZncGbEoDhMrOOQCgsmmyvIUiEQWLgzEazp6qT/lAxAg74RYIwT4noB4SVQTcXA==",
      "license": "MIT",
      "dependencies": {
        "@wrongstack/persistence": "1.0.26",
        "@wrongstack/primitives": "1.0.26"
      }
    },
    "node_modules/@wrongstack/kanban-mcp": {
      "version": "1.0.26",
      "resolved": "https://registry.npmjs.org/@wrongstack/kanban-mcp/-/kanban-mcp-1.0.26.tgz",
      "integrity": "sha512-DfsEzNQRxeQXBLtKSoN8Ox7flhLog+4Yj55un6OP+0EZP6vyF1RJV/7YWBKf3Y5DvsXULnVI83vRJnKz/m/+zw==",
      "license": "MIT",
      "dependencies": {
        "@wrongstack/core": "1.0.26",
        "@wrongstack/kanban": "1.0.26",
        "@wrongstack/mcp": "1.0.26",
        "@wrongstack/primitives": "1.0.26",
        "@wrongstack/tools": "1.0.26"
      },
      "bin": {
        "wstack-kanban-mcp": "dist/cli.js"
      }
    },
    "node_modules/@wrongstack/mailbox-mcp": {
      "version": "1.0.26",
      "resolved": "https://registry.npmjs.org/@wrongstack/mailbox-mcp/-/mailbox-mcp-1.0.26.tgz",
      "integrity": "sha512-gLNN4orIfYvKKGfeGPFIaguWk/73VAEsOYtb3fp7q/+NGxbEkxu65c+0H5dqj7M63qysanabuvLxYClce4HJhg==",
      "license": "MIT",
      "dependencies": {
        "@wrongstack/core": "1.0.26",
        "@wrongstack/mcp": "1.0.26"
      },
      "bin": {
        "wstack-mailbox-mcp": "dist/cli.js"
      }
    },
    "node_modules/@wrongstack/mcp": {
      "version": "1.0.26",
      "resolved": "https://registry.npmjs.org/@wrongstack/mcp/-/mcp-1.0.26.tgz",
      "integrity": "sha512-0gjaNRavVOGuUMG0rnVzl0ojEzixfKdniNZckfWGat+usLWQTrw0blilmlGKKxzspszKnHIILikdQcdRXUwSaQ==",
      "license": "MIT",
      "dependencies": {
        "@wrongstack/core": "1.0.26",
        "undici": "^8.10.2"
      }
    },
    "node_modules/@wrongstack/persistence": {
      "version": "1.0.26",
      "resolved": "https://registry.npmjs.org/@wrongstack/persistence/-/persistence-1.0.26.tgz",
      "integrity": "sha512-yXtYYJwSuYd8Cs0ZEjxoFOf2bzuJbkj0muySt3KJY1lew+bHJ7hzMSSeF4qJvXkACt7wBXYvNSFlRaZcwCN+YA==",
      "license": "MIT"
    },
    "node_modules/@wrongstack/primitives": {
      "version": "1.0.26",
      "resolved": "https://registry.npmjs.org/@wrongstack/primitives/-/primitives-1.0.26.tgz",
      "integrity": "sha512-pFc77pgidv9RG97XqNQms/8Mhc5MfOmzLuscr7fNTLxLmaW43uwHgbkWsglcmr2mGcPD8bAXmZ2upb1riylzSw==",
      "license": "MIT"
    },
    "node_modules/@wrongstack/sage": {
      "version": "1.0.26",
      "resolved": "https://registry.npmjs.org/@wrongstack/sage/-/sage-1.0.26.tgz",
      "integrity": "sha512-Cn4vQ5BGWF9C99pAjqcmFtYqPm/926fnIebPEA/tc/Ste/g9xgJfnGXUlhMakjFA4ITyohNheh4+ET7VDZdljg==",
      "license": "MIT",
      "dependencies": {
        "@wrongstack/core": "1.0.26",
        "@wrongstack/persistence": "1.0.26",
        "@wrongstack/primitives": "1.0.26"
      }
    },
    "node_modules/@wrongstack/sage-mcp": {
      "version": "1.0.26",
      "resolved": "https://registry.npmjs.org/@wrongstack/sage-mcp/-/sage-mcp-1.0.26.tgz",
      "integrity": "sha512-qjPoC5bB+sV2ejGcvE9E6v/NVyCyAWuqce/foe6ZmPiqFVhNZu+bzeQX4KjuaVvDXKnFiyTI0Ki59vFxYGn6kA==",
      "license": "MIT",
      "dependencies": {
        "@wrongstack/core": "1.0.26",
        "@wrongstack/mcp": "1.0.26",
        "@wrongstack/sage": "1.0.26"
      },
      "bin": {
        "wstack-sage-mcp": "dist/cli.js"
      }
    },
    "node_modules/@wrongstack/tools": {
      "version": "1.0.26",
      "resolved": "https://registry.npmjs.org/@wrongstack/tools/-/tools-1.0.26.tgz",
      "integrity": "sha512-PnrbdWtsrqvIYbEulKmMED5jZhCj5Ap+7khcNwwYZOINRauH1FU7NGJXSQ8PYkDcw4OQkVW7Xrz8QEqm4AXk5w==",
      "license": "MIT",
      "dependencies": {
        "@jitl/quickjs-singlefile-mjs-release-sync": "^0.32.0",
        "@msgpack/msgpack": "^3.1.3",
        "@playwright/test": "^1.63.0",
        "@typescript/typescript6": "^6.0.2",
        "@wrongstack/core": "1.0.26",
        "@wrongstack/kanban": "1.0.26",
        "@wrongstack/persistence": "1.0.26",
        "@wrongstack/primitives": "1.0.26",
        "quickjs-emscripten-core": "^0.32.0",
        "tree-sitter-wasm": "1.1.8",
        "turndown": "^7.2.4",
        "undici": "^8.10.2",
        "unpdf": "1.8.1",
        "web-tree-sitter": "0.27.0"
      }
    },
    "node_modules/node-gyp-build": {
      "version": "4.8.4",
      "resolved": "https://registry.npmjs.org/node-gyp-build/-/node-gyp-build-4.8.4.tgz",
      "integrity": "sha512-LA4ZjwlnUblHVgq0oBF3Jl/6h/Nvs5fzBLwdEF4nuxnFdsfajde4WfxtJr3CaiH+F6ewcIB/q4jQ4UzPyid+CQ==",
      "license": "MIT",
      "optional": true,
      "bin": {
        "node-gyp-build": "bin.js",
        "node-gyp-build-optional": "optional.js",
        "node-gyp-build-test": "build-test.js"
      }
    },
    "node_modules/playwright": {
      "version": "1.63.0",
      "resolved": "https://registry.npmjs.org/playwright/-/playwright-1.63.0.tgz",
      "integrity": "sha512-+7ziBLidS4NaNCdt57SUDT+wYmmd5fmiQejUic/kb+YsYSCPyOOE9sebzMjNmQrsnNpDJqd4WHvV/8lfKfUDUg==",
      "license": "Apache-2.0",
      "dependencies": {
        "playwright-core": "1.63.0"
      },
      "bin": {
        "playwright": "cli.js"
      },
      "engines": {
        "node": ">=20"
      }
    },
    "node_modules/playwright-core": {
      "version": "1.63.0",
      "resolved": "https://registry.npmjs.org/playwright-core/-/playwright-core-1.63.0.tgz",
      "integrity": "sha512-rYCsBF/M5HjUch52bbtVONEFjv6Xu8sm8h72dNlR5bzIE1fvC/bxgspzkjSfU+MweEMmPM8KJebG6nnyxo5mCg==",
      "license": "Apache-2.0",
      "bin": {
        "playwright-core": "cli.js"
      },
      "engines": {
        "node": ">=20"
      }
    },
    "node_modules/pprof-format": {
      "version": "2.3.1",
      "resolved": "https://registry.npmjs.org/pprof-format/-/pprof-format-2.3.1.tgz",
      "integrity": "sha512-y51Z83qG2vEQBACPu6lkGFREVkHwQaCaNDdSFEMLIqSo3bmpADsbP6J3F2SSk7tYB741oTQ9Kt5YAdQsmiCRkA==",
      "license": "MIT",
      "optional": true
    },
    "node_modules/quickjs-emscripten-core": {
      "version": "0.32.0",
      "resolved": "https://registry.npmjs.org/quickjs-emscripten-core/-/quickjs-emscripten-core-0.32.0.tgz",
      "integrity": "sha512-QFnPfjFey8EqknSrSxe1hZrf1/8z7/6s1QzGOmKo6++02r7QRRX7ZoyNaZh7JuVjWsVW87KnQrbZqnHkOAzUyg==",
      "license": "MIT",
      "dependencies": {
        "@jitl/quickjs-ffi-types": "0.32.0"
      }
    },
    "node_modules/source-map": {
      "version": "0.8.0",
      "resolved": "https://registry.npmjs.org/source-map/-/source-map-0.8.0.tgz",
      "integrity": "sha512-d8EqvL+k/SOXCreS/SUzg2ciyHqBBLcN/yuRjFsbvVhHTE2pgei7oAhmPM7kWFbkX6OSMQfUq4KbkF3au9lhYQ==",
      "license": "BSD-3-Clause",
      "optional": true,
      "engines": {
        "node": ">= 12"
      }
    },
    "node_modules/tree-sitter-wasm": {
      "version": "1.1.8",
      "resolved": "https://registry.npmjs.org/tree-sitter-wasm/-/tree-sitter-wasm-1.1.8.tgz",
      "integrity": "sha512-TZ6rZ+8L+cnsc0hXtc+AfzNd7b1CDroBKSgSIF29sJdl/Odaxmx+mZEj2pW0rswKIyWHrA/ioNqZ9RixTSCGwA==",
      "license": "MIT"
    },
    "node_modules/turndown": {
      "version": "7.2.4",
      "resolved": "https://registry.npmjs.org/turndown/-/turndown-7.2.4.tgz",
      "integrity": "sha512-I8yFsfRzmzK0WV1pNNOA4A7y4RDfFxPRxb3t+e3ui14qSGOxGtiSP6GjeX+Y6CHb7HYaFj7ECUD7VE5kQMZWGQ==",
      "license": "MIT",
      "dependencies": {
        "@mixmark-io/domino": "^2.2.0"
      },
      "engines": {
        "node": ">=18",
        "npm": ">=9"
      }
    },
    "node_modules/undici": {
      "version": "8.11.2",
      "resolved": "https://registry.npmjs.org/undici/-/undici-8.11.2.tgz",
      "integrity": "sha512-u4UB2/IrKdU6lFxumHmmo1a3fCQO5tzQllRorfoRS63txhrB7xTpSn1PftwC4qEHkOaqP95fCWW4lJzwErwzhQ==",
      "license": "MIT",
      "engines": {
        "node": ">=22.19.0"
      }
    },
    "node_modules/unpdf": {
      "version": "1.8.1",
      "resolved": "https://registry.npmjs.org/unpdf/-/unpdf-1.8.1.tgz",
      "integrity": "sha512-xkURhy2SoGpOIH0a1gLHNkASPIQYonadDJs2AQwPEfUakafeD9EA1WTWWsaR++gfTCXJpV27W7tU1nXuk82UKQ==",
      "license": "MIT",
      "engines": {
        "node": ">=22"
      },
      "peerDependencies": {
        "@napi-rs/canvas": "^0.1.69 || ^1.0.0"
      },
      "peerDependenciesMeta": {
        "@napi-rs/canvas": {
          "optional": true
        }
      }
    },
    "node_modules/web-tree-sitter": {
      "version": "0.27.0",
      "resolved": "https://registry.npmjs.org/web-tree-sitter/-/web-tree-sitter-0.27.0.tgz",
      "integrity": "sha512-XK08gj6RwTMQatAG7uVRP8MunqotL/XC19vHgkSPKmELgbGPBj4ECvB8haHOUnyj6ls2B8t42UTro14zxGgAHg==",
      "license": "MIT"
    },
    "node_modules/yaml": {
      "version": "2.9.1",
      "resolved": "https://registry.npmjs.org/yaml/-/yaml-2.9.1.tgz",
      "integrity": "sha512-3NxN8+78OdzbT7C/WjGsyfPAtJaN3FNDsWxv7Y7mcDsT/oOmgW8BpyQQFFBnvZE3j9Y2Sdz1ULFLezL7Eb2yFw==",
      "license": "ISC",
      "bin": {
        "yaml": "bin.mjs"
      },
      "engines": {
        "node": ">= 14.6"
      },
      "funding": {
        "url": "https://github.com/sponsors/eemeli"
      }
    },
    "node_modules/zod": {
      "version": "4.6.2",
      "resolved": "https://registry.npmjs.org/zod/-/zod-4.6.2.tgz",
      "integrity": "sha512-lh5RCAGFa1Cm2hjtNwLQhSs/AsqdWnTQaBER9fEwN/88pSh7KOtJavtBx/0VlkN/uFd61SwYmljLMDAsHlvzBQ==",
      "license": "MIT",
      "funding": {
        "url": "https://github.com/sponsors/colinhacks"
      }
    }
  }
}
